
Microsoft Visual Studio Solution File, Format Version 12.00
# Visual Studio Version 17
VisualStudioVersion = 17.0.31903.59
MinimumVisualStudioVersion = 10.0.40219.1
Project("{2150E333-8FDC-42A3-9474-1A3956D46DE8}") = "exporter", "exporter", "{699A7FC1-5C72-8EFA-8126-A71B28896BE1}"
EndProject
Project("{FAE04EC0-301F-11D3-BF4B-00C04F79EFBC}") = "Core.Exporter.Civil3D", "exporter\Core.Exporter.Civil3D\Core.Exporter.Civil3D.csproj", "{2C6986E6-156D-4706-B714-A6D51EF45016}"
EndProject
Project("{2150E333-8FDC-42A3-9474-1A3956D46DE8}") = "src", "src", "{827E0CD3-B72D-47B6-A68D-7590B98EB39B}"
EndProject
Project("{FAE04EC0-301F-11D3-BF4B-00C04F79EFBC}") = "Core.Corex", "src\Core.Corex\Core.Corex.csproj", "{59266741-CF78-4580-9732-3BC59A4A9D76}"
EndProject
Project("{FAE04EC0-301F-11D3-BF4B-00C04F79EFBC}") = "Core.Model", "src\Core.Model\Core.Model.csproj", "{24F02400-84F7-47EE-BABB-1CA4AD48C461}"
EndProject
Project("{FAE04EC0-301F-11D3-BF4B-00C04F79EFBC}") = "Core.Store", "src\Core.Store\Core.Store.csproj", "{B0BE27FB-5ADD-4F6A-B878-0C09ED8A9DB4}"
EndProject
Project("{FAE04EC0-301F-11D3-BF4B-00C04F79EFBC}") = "Core.Import", "src\Core.Import\Core.Import.csproj", "{EA649EFF-C4C3-4E3D-9A39-41E0AD5E96AD}"
EndProject
Project("{FAE04EC0-301F-11D3-BF4B-00C04F79EFBC}") = "Core.Rules", "src\Core.Rules\Core.Rules.csproj", "{D3E6812F-92BF-4452-A5D3-4E79CB958683}"
EndProject
Project("{FAE04EC0-301F-11D3-BF4B-00C04F79EFBC}") = "Core.Report", "src\Core.Report\Core.Report.csproj", "{AAB101CE-4E05-41D7-A97F-DF074ED24BFC}"
EndProject
Project("{FAE04EC0-301F-11D3-BF4B-00C04F79EFBC}") = "Core.Cli", "src\Core.Cli\Core.Cli.csproj", "{C59B6014-AA79-43DC-BCC4-C529A6C417BB}"
EndProject
Project("{2150E333-8FDC-42A3-9474-1A3956D46DE8}") = "tests", "tests", "{0AB3BF05-4346-4AA6-1389-037BE0695223}"
EndProject
Project("{FAE04EC0-301F-11D3-BF4B-00C04F79EFBC}") = "Core.Corex.Tests", "tests\Core.Corex.Tests\Core.Corex.Tests.csproj", "{AF102E98-8800-46DD-9360-E634270AAEE6}"
EndProject
Project("{FAE04EC0-301F-11D3-BF4B-00C04F79EFBC}") = "Core.Model.Tests", "tests\Core.Model.Tests\Core.Model.Tests.csproj", "{70E7C609-F7A4-4194-B378-32753D04435F}"
EndProject
Project("{FAE04EC0-301F-11D3-BF4B-00C04F79EFBC}") = "Core.Store.Tests", "tests\Core.Store.Tests\Core.Store.Tests.csproj", "{5D91CE95-7224-40B2-B784-DB1F68401276}"
EndProject
Project("{FAE04EC0-301F-11D3-BF4B-00C04F79EFBC}") = "Core.Import.Tests", "tests\Core.Import.Tests\Core.Import.Tests.csproj", "{694DC382-EE6B-4135-A060-2EDE39E42D32}"
EndProject
Project("{FAE04EC0-301F-11D3-BF4B-00C04F79EFBC}") = "Core.Rules.Tests", "tests\Core.Rules.Tests\Core.Rules.Tests.csproj", "{617F0C77-5C22-44D7-A5C5-F6BFA85477E3}"
EndProject
Project("{FAE04EC0-301F-11D3-BF4B-00C04F79EFBC}") = "Core.Report.Tests", "tests\Core.Report.Tests\Core.Report.Tests.csproj", "{4EAE61A2-F370-4130-AE6B-288D9C4127A4}"
EndProject
Project("{FAE04EC0-301F-11D3-BF4B-00C04F79EFBC}") = "Core.Cli.Tests", "tests\Core.Cli.Tests\Core.Cli.Tests.csproj", "{8BC8A613-4F19-454B-8178-8E4373439993}"
EndProject
Global
	GlobalSection(SolutionConfigurationPlatforms) = preSolution
		Debug|Any CPU = Debug|Any CPU
		Debug|x64 = Debug|x64
		Debug|x86 = Debug|x86
		Release|Any CPU = Release|Any CPU
		Release|x64 = Release|x64
		Release|x86 = Release|x86
	EndGlobalSection
	GlobalSection(ProjectConfigurationPlatforms) = postSolution
		{2C6986E6-156D-4706-B714-A6D51EF45016}.Debug|Any CPU.ActiveCfg = Debug|Any CPU
		{2C6986E6-156D-4706-B714-A6D51EF45016}.Debug|Any CPU.Build.0 = Debug|Any CPU
		{2C6986E6-156D-4706-B714-A6D51EF45016}.Debug|x64.ActiveCfg = Debug|Any CPU
		{2C6986E6-156D-4706-B714-A6D51EF45016}.Debug|x64.Build.0 = Debug|Any CPU
		{2C6986E6-156D-4706-B714-A6D51EF45016}.Debug|x86.ActiveCfg = Debug|Any CPU
		{2C6986E6-156D-4706-B714-A6D51EF45016}.Debug|x86.Build.0 = Debug|Any CPU
		{2C6986E6-156D-4706-B714-A6D51EF45016}.Release|Any CPU.ActiveCfg = Release|Any CPU
		{2C6986E6-156D-4706-B714-A6D51EF45016}.Release|Any CPU.Build.0 = Release|Any CPU
		{2C6986E6-156D-4706-B714-A6D51EF45016}.Release|x64.ActiveCfg = Release|Any CPU
		{2C6986E6-156D-4706-B714-A6D51EF45016}.Release|x64.Build.0 = Release|Any CPU
		{2C6986E6-156D-4706-B714-A6D51EF45016}.Release|x86.ActiveCfg = Release|Any CPU
		{2C6986E6-156D-4706-B714-A6D51EF45016}.Release|x86.Build.0 = Release|Any CPU
		{59266741-CF78-4580-9732-3BC59A4A9D76}.Debug|Any CPU.ActiveCfg = Debug|Any CPU
		{59266741-CF78-4580-9732-3BC59A4A9D76}.Debug|Any CPU.Build.0 = Debug|Any CPU
		{59266741-CF78-4580-9732-3BC59A4A9D76}.Debug|x64.ActiveCfg = Debug|Any CPU
		{59266741-CF78-4580-9732-3BC59A4A9D76}.Debug|x64.Build.0 = Debug|Any CPU
		{59266741-CF78-4580-9732-3BC59A4A9D76}.Debug|x86.ActiveCfg = Debug|Any CPU
		{59266741-CF78-4580-9732-3BC59A4A9D76}.Debug|x86.Build.0 = Debug|Any CPU
		{59266741-CF78-4580-9732-3BC59A4A9D76}.Release|Any CPU.ActiveCfg = Release|Any CPU
		{59266741-CF78-4580-9732-3BC59A4A9D76}.Release|Any CPU.Build.0 = Release|Any CPU
		{59266741-CF78-4580-9732-3BC59A4A9D76}.Release|x64.ActiveCfg = Release|Any CPU
		{59266741-CF78-4580-9732-3BC59A4A9D76}.Release|x64.Build.0 = Release|Any CPU
		{59266741-CF78-4580-9732-3BC59A4A9D76}.Release|x86.ActiveCfg = Release|Any CPU
		{59266741-CF78-4580-9732-3BC59A4A9D76}.Release|x86.Build.0 = Release|Any CPU
		{24F02400-84F7-47EE-BABB-1CA4AD48C461}.Debug|Any CPU.ActiveCfg = Debug|Any CPU
		{24F02400-84F7-47EE-BABB-1CA4AD48C461}.Debug|Any CPU.Build.0 = Debug|Any CPU
		{24F02400-84F7-47EE-BABB-1CA4AD48C461}.Debug|x64.ActiveCfg = Debug|Any CPU
		{24F02400-84F7-47EE-BABB-1CA4AD48C461}.Debug|x64.Build.0 = Debug|Any CPU
		{24F02400-84F7-47EE-BABB-1CA4AD48C461}.Debug|x86.ActiveCfg = Debug|Any CPU
		{24F02400-84F7-47EE-BABB-1CA4AD48C461}.Debug|x86.Build.0 = Debug|Any CPU
		{24F02400-84F7-47EE-BABB-1CA4AD48C461}.Release|Any CPU.ActiveCfg = Release|Any CPU
		{24F02400-84F7-47EE-BABB-1CA4AD48C461}.Release|Any CPU.Build.0 = Release|Any CPU
		{24F02400-84F7-47EE-BABB-1CA4AD48C461}.Release|x64.ActiveCfg = Release|Any CPU
		{24F02400-84F7-47EE-BABB-1CA4AD48C461}.Release|x64.Build.0 = Release|Any CPU
		{24F02400-84F7-47EE-BABB-1CA4AD48C461}.Release|x86.ActiveCfg = Release|Any CPU
		{24F02400-84F7-47EE-BABB-1CA4AD48C461}.Release|x86.Build.0 = Release|Any CPU
		{B0BE27FB-5ADD-4F6A-B878-0C09ED8A9DB4}.Debug|Any CPU.ActiveCfg = Debug|Any CPU
		{B0BE27FB-5ADD-4F6A-B878-0C09ED8A9DB4}.Debug|Any CPU.Build.0 = Debug|Any CPU
		{B0BE27FB-5ADD-4F6A-B878-0C09ED8A9DB4}.Debug|x64.ActiveCfg = Debug|Any CPU
		{B0BE27FB-5ADD-4F6A-B878-0C09ED8A9DB4}.Debug|x64.Build.0 = Debug|Any CPU
		{B0BE27FB-5ADD-4F6A-B878-0C09ED8A9DB4}.Debug|x86.ActiveCfg = Debug|Any CPU
		{B0BE27FB-5ADD-4F6A-B878-0C09ED8A9DB4}.Debug|x86.Build.0 = Debug|Any CPU
		{B0BE27FB-5ADD-4F6A-B878-0C09ED8A9DB4}.Release|Any CPU.ActiveCfg = Release|Any CPU
		{B0BE27FB-5ADD-4F6A-B878-0C09ED8A9DB4}.Release|Any CPU.Build.0 = Release|Any CPU
		{B0BE27FB-5ADD-4F6A-B878-0C09ED8A9DB4}.Release|x64.ActiveCfg = Release|Any CPU
		{B0BE27FB-5ADD-4F6A-B878-0C09ED8A9DB4}.Release|x64.Build.0 = Release|Any CPU
		{B0BE27FB-5ADD-4F6A-B878-0C09ED8A9DB4}.Release|x86.ActiveCfg = Release|Any CPU
		{B0BE27FB-5ADD-4F6A-B878-0C09ED8A9DB4}.Release|x86.Build.0 = Release|Any CPU
		{EA649EFF-C4C3-4E3D-9A39-41E0AD5E96AD}.Debug|Any CPU.ActiveCfg = Debug|Any CPU
		{EA649EFF-C4C3-4E3D-9A39-41E0AD5E96AD}.Debug|Any CPU.Build.0 = Debug|Any CPU
		{EA649EFF-C4C3-4E3D-9A39-41E0AD5E96AD}.Debug|x64.ActiveCfg = Debug|Any CPU
		{EA649EFF-C4C3-4E3D-9A39-41E0AD5E96AD}.Debug|x64.Build.0 = Debug|Any CPU
		{EA649EFF-C4C3-4E3D-9A39-41E0AD5E96AD}.Debug|x86.ActiveCfg = Debug|Any CPU
		{EA649EFF-C4C3-4E3D-9A39-41E0AD5E96AD}.Debug|x86.Build.0 = Debug|Any CPU
		{EA649EFF-C4C3-4E3D-9A39-41E0AD5E96AD}.Release|Any CPU.ActiveCfg = Release|Any CPU
		{EA649EFF-C4C3-4E3D-9A39-41E0AD5E96AD}.Release|Any CPU.Build.0 = Release|Any CPU
		{EA649EFF-C4C3-4E3D-9A39-41E0AD5E96AD}.Release|x64.ActiveCfg = Release|Any CPU
		{EA649EFF-C4C3-4E3D-9A39-41E0AD5E96AD}.Release|x64.Build.0 = Release|Any CPU
		{EA649EFF-C4C3-4E3D-9A39-41E0AD5E96AD}.Release|x86.ActiveCfg = Release|Any CPU
		{EA649EFF-C4C3-4E3D-9A39-41E0AD5E96AD}.Release|x86.Build.0 = Release|Any CPU
		{D3E6812F-92BF-4452-A5D3-4E79CB958683}.Debug|Any CPU.ActiveCfg = Debug|Any CPU
		{D3E6812F-92BF-4452-A5D3-4E79CB958683}.Debug|Any CPU.Build.0 = Debug|Any CPU
		{D3E6812F-92BF-4452-A5D3-4E79CB958683}.Debug|x64.ActiveCfg = Debug|Any CPU
		{D3E6812F-92BF-4452-A5D3-4E79CB958683}.Debug|x64.Build.0 = Debug|Any CPU
		{D3E6812F-92BF-4452-A5D3-4E79CB958683}.Debug|x86.ActiveCfg = Debug|Any CPU
		{D3E6812F-92BF-4452-A5D3-4E79CB958683}.Debug|x86.Build.0 = Debug|Any CPU
		{D3E6812F-92BF-4452-A5D3-4E79CB958683}.Release|Any CPU.ActiveCfg = Release|Any CPU
		{D3E6812F-92BF-4452-A5D3-4E79CB958683}.Release|Any CPU.Build.0 = Release|Any CPU
		{D3E6812F-92BF-4452-A5D3-4E79CB958683}.Release|x64.ActiveCfg = Release|Any CPU
		{D3E6812F-92BF-4452-A5D3-4E79CB958683}.Release|x64.Build.0 = Release|Any CPU
		{D3E6812F-92BF-4452-A5D3-4E79CB958683}.Release|x86.ActiveCfg = Release|Any CPU
		{D3E6812F-92BF-4452-A5D3-4E79CB958683}.Release|x86.Build.0 = Release|Any CPU
		{AAB101CE-4E05-41D7-A97F-DF074ED24BFC}.Debug|Any CPU.ActiveCfg = Debug|Any CPU
		{AAB101CE-4E05-41D7-A97F-DF074ED24BFC}.Debug|Any CPU.Build.0 = Debug|Any CPU
		{AAB101CE-4E05-41D7-A97F-DF074ED24BFC}.Debug|x64.ActiveCfg = Debug|Any CPU
		{AAB101CE-4E05-41D7-A97F-DF074ED24BFC}.Debug|x64.Build.0 = Debug|Any CPU
		{AAB101CE-4E05-41D7-A97F-DF074ED24BFC}.Debug|x86.ActiveCfg = Debug|Any CPU
		{AAB101CE-4E05-41D7-A97F-DF074ED24BFC}.Debug|x86.Build.0 = Debug|Any CPU
		{AAB101CE-4E05-41D7-A97F-DF074ED24BFC}.Release|Any CPU.ActiveCfg = Release|Any CPU
		{AAB101CE-4E05-41D7-A97F-DF074ED24BFC}.Release|Any CPU.Build.0 = Release|Any CPU
		{AAB101CE-4E05-41D7-A97F-DF074ED24BFC}.Release|x64.ActiveCfg = Release|Any CPU
		{AAB101CE-4E05-41D7-A97F-DF074ED24BFC}.Release|x64.Build.0 = Release|Any CPU
		{AAB101CE-4E05-41D7-A97F-DF074ED24BFC}.Release|x86.ActiveCfg = Release|Any CPU
		{AAB101CE-4E05-41D7-A97F-DF074ED24BFC}.Release|x86.Build.0 = Release|Any CPU
		{C59B6014-AA79-43DC-BCC4-C529A6C417BB}.Debug|Any CPU.ActiveCfg = Debug|Any CPU
		{C59B6014-AA79-43DC-BCC4-C529A6C417BB}.Debug|Any CPU.Build.0 = Debug|Any CPU
		{C59B6014-AA79-43DC-BCC4-C529A6C417BB}.Debug|x64.ActiveCfg = Debug|Any CPU
		{C59B6014-AA79-43DC-BCC4-C529A6C417BB}.Debug|x64.Build.0 = Debug|Any CPU
		{C59B6014-AA79-43DC-BCC4-C529A6C417BB}.Debug|x86.ActiveCfg = Debug|Any CPU
		{C59B6014-AA79-43DC-BCC4-C529A6C417BB}.Debug|x86.Build.0 = Debug|Any CPU
		{C59B6014-AA79-43DC-BCC4-C529A6C417BB}.Release|Any CPU.ActiveCfg = Release|Any CPU
		{C59B6014-AA79-43DC-BCC4-C529A6C417BB}.Release|Any CPU.Build.0 = Release|Any CPU
		{C59B6014-AA79-43DC-BCC4-C529A6C417BB}.Release|x64.ActiveCfg = Release|Any CPU
		{C59B6014-AA79-43DC-BCC4-C529A6C417BB}.Release|x64.Build.0 = Release|Any CPU
		{C59B6014-AA79-43DC-BCC4-C529A6C417BB}.Release|x86.ActiveCfg = Release|Any CPU
		{C59B6014-AA79-43DC-BCC4-C529A6C417BB}.Release|x86.Build.0 = Release|Any CPU
		{AF102E98-8800-46DD-9360-E634270AAEE6}.Debug|Any CPU.ActiveCfg = Debug|Any CPU
		{AF102E98-8800-46DD-9360-E634270AAEE6}.Debug|Any CPU.Build.0 = Debug|Any CPU
		{AF102E98-8800-46DD-9360-E634270AAEE6}.Debug|x64.ActiveCfg = Debug|Any CPU
		{AF102E98-8800-46DD-9360-E634270AAEE6}.Debug|x64.Build.0 = Debug|Any CPU
		{AF102E98-8800-46DD-9360-E634270AAEE6}.Debug|x86.ActiveCfg = Debug|Any CPU
		{AF102E98-8800-46DD-9360-E634270AAEE6}.Debug|x86.Build.0 = Debug|Any CPU
		{AF102E98-8800-46DD-9360-E634270AAEE6}.Release|Any CPU.ActiveCfg = Release|Any CPU
		{AF102E98-8800-46DD-9360-E634270AAEE6}.Release|Any CPU.Build.0 = Release|Any CPU
		{AF102E98-8800-46DD-9360-E634270AAEE6}.Release|x64.ActiveCfg = Release|Any CPU
		{AF102E98-8800-46DD-9360-E634270AAEE6}.Release|x64.Build.0 = Release|Any CPU
		{AF102E98-8800-46DD-9360-E634270AAEE6}.Release|x86.ActiveCfg = Release|Any CPU
		{AF102E98-8800-46DD-9360-E634270AAEE6}.Release|x86.Build.0 = Release|Any CPU
		{70E7C609-F7A4-4194-B378-32753D04435F}.Debug|Any CPU.ActiveCfg = Debug|Any CPU
		{70E7C609-F7A4-4194-B378-32753D04435F}.Debug|Any CPU.Build.0 = Debug|Any CPU
		{70E7C609-F7A4-4194-B378-32753D04435F}.Debug|x64.ActiveCfg = Debug|Any CPU
		{70E7C609-F7A4-4194-B378-32753D04435F}.Debug|x64.Build.0 = Debug|Any CPU
		{70E7C609-F7A4-4194-B378-32753D04435F}.Debug|x86.ActiveCfg = Debug|Any CPU
		{70E7C609-F7A4-4194-B378-32753D04435F}.Debug|x86.Build.0 = Debug|Any CPU
		{70E7C609-F7A4-4194-B378-32753D04435F}.Release|Any CPU.ActiveCfg = Release|Any CPU
		{70E7C609-F7A4-4194-B378-32753D04435F}.Release|Any CPU.Build.0 = Release|Any CPU
		{70E7C609-F7A4-4194-B378-32753D04435F}.Release|x64.ActiveCfg = Release|Any CPU
		{70E7C609-F7A4-4194-B378-32753D04435F}.Release|x64.Build.0 = Release|Any CPU
		{70E7C609-F7A4-4194-B378-32753D04435F}.Release|x86.ActiveCfg = Release|Any CPU
		{70E7C609-F7A4-4194-B378-32753D04435F}.Release|x86.Build.0 = Release|Any CPU
		{5D91CE95-7224-40B2-B784-DB1F68401276}.Debug|Any CPU.ActiveCfg = Debug|Any CPU
		{5D91CE95-7224-40B2-B784-DB1F68401276}.Debug|Any CPU.Build.0 = Debug|Any CPU
		{5D91CE95-7224-40B2-B784-DB1F68401276}.Debug|x64.ActiveCfg = Debug|Any CPU
		{5D91CE95-7224-40B2-B784-DB1F68401276}.Debug|x64.Build.0 = Debug|Any CPU
		{5D91CE95-7224-40B2-B784-DB1F68401276}.Debug|x86.ActiveCfg = Debug|Any CPU
		{5D91CE95-7224-40B2-B784-DB1F68401276}.Debug|x86.Build.0 = Debug|Any CPU
		{5D91CE95-7224-40B2-B784-DB1F68401276}.Release|Any CPU.ActiveCfg = Release|Any CPU
		{5D91CE95-7224-40B2-B784-DB1F68401276}.Release|Any CPU.Build.0 = Release|Any CPU
		{5D91CE95-7224-40B2-B784-DB1F68401276}.Release|x64.ActiveCfg = Release|Any CPU
		{5D91CE95-7224-40B2-B784-DB1F68401276}.Release|x64.Build.0 = Release|Any CPU
		{5D91CE95-7224-40B2-B784-DB1F68401276}.Release|x86.ActiveCfg = Release|Any CPU
		{5D91CE95-7224-40B2-B784-DB1F68401276}.Release|x86.Build.0 = Release|Any CPU
		{694DC382-EE6B-4135-A060-2EDE39E42D32}.Debug|Any CPU.ActiveCfg = Debug|Any CPU
		{694DC382-EE6B-4135-A060-2EDE39E42D32}.Debug|Any CPU.Build.0 = Debug|Any CPU
		{694DC382-EE6B-4135-A060-2EDE39E42D32}.Debug|x64.ActiveCfg = Debug|Any CPU
		{694DC382-EE6B-4135-A060-2EDE39E42D32}.Debug|x64.Build.0 = Debug|Any CPU
		{694DC382-EE6B-4135-A060-2EDE39E42D32}.Debug|x86.ActiveCfg = Debug|Any CPU
		{694DC382-EE6B-4135-A060-2EDE39E42D32}.Debug|x86.Build.0 = Debug|Any CPU
		{694DC382-EE6B-4135-A060-2EDE39E42D32}.Release|Any CPU.ActiveCfg = Release|Any CPU
		{694DC382-EE6B-4135-A060-2EDE39E42D32}.Release|Any CPU.Build.0 = Release|Any CPU
		{694DC382-EE6B-4135-A060-2EDE39E42D32}.Release|x64.ActiveCfg = Release|Any CPU
		{694DC382-EE6B-4135-A060-2EDE39E42D32}.Release|x64.Build.0 = Release|Any CPU
		{694DC382-EE6B-4135-A060-2EDE39E42D32}.Release|x86.ActiveCfg = Release|Any CPU
		{694DC382-EE6B-4135-A060-2EDE39E42D32}.Release|x86.Build.0 = Release|Any CPU
		{617F0C77-5C22-44D7-A5C5-F6BFA85477E3}.Debug|Any CPU.ActiveCfg = Debug|Any CPU
		{617F0C77-5C22-44D7-A5C5-F6BFA85477E3}.Debug|Any CPU.Build.0 = Debug|Any CPU
		{617F0C77-5C22-44D7-A5C5-F6BFA85477E3}.Debug|x64.ActiveCfg = Debug|Any CPU
		{617F0C77-5C22-44D7-A5C5-F6BFA85477E3}.Debug|x64.Build.0 = Debug|Any CPU
		{617F0C77-5C22-44D7-A5C5-F6BFA85477E3}.Debug|x86.ActiveCfg = Debug|Any CPU
		{617F0C77-5C22-44D7-A5C5-F6BFA85477E3}.Debug|x86.Build.0 = Debug|Any CPU
		{617F0C77-5C22-44D7-A5C5-F6BFA85477E3}.Release|Any CPU.ActiveCfg = Release|Any CPU
		{617F0C77-5C22-44D7-A5C5-F6BFA85477E3}.Release|Any CPU.Build.0 = Release|Any CPU
		{617F0C77-5C22-44D7-A5C5-F6BFA85477E3}.Release|x64.ActiveCfg = Release|Any CPU
		{617F0C77-5C22-44D7-A5C5-F6BFA85477E3}.Release|x64.Build.0 = Release|Any CPU
		{617F0C77-5C22-44D7-A5C5-F6BFA85477E3}.Release|x86.ActiveCfg = Release|Any CPU
		{617F0C77-5C22-44D7-A5C5-F6BFA85477E3}.Release|x86.Build.0 = Release|Any CPU
		{4EAE61A2-F370-4130-AE6B-288D9C4127A4}.Debug|Any CPU.ActiveCfg = Debug|Any CPU
		{4EAE61A2-F370-4130-AE6B-288D9C4127A4}.Debug|Any CPU.Build.0 = Debug|Any CPU
		{4EAE61A2-F370-4130-AE6B-288D9C4127A4}.Debug|x64.ActiveCfg = Debug|Any CPU
		{4EAE61A2-F370-4130-AE6B-288D9C4127A4}.Debug|x64.Build.0 = Debug|Any CPU
		{4EAE61A2-F370-4130-AE6B-288D9C4127A4}.Debug|x86.ActiveCfg = Debug|Any CPU
		{4EAE61A2-F370-4130-AE6B-288D9C4127A4}.Debug|x86.Build.0 = Debug|Any CPU
		{4EAE61A2-F370-4130-AE6B-288D9C4127A4}.Release|Any CPU.ActiveCfg = Release|Any CPU
		{4EAE61A2-F370-4130-AE6B-288D9C4127A4}.Release|Any CPU.Build.0 = Release|Any CPU
		{4EAE61A2-F370-4130-AE6B-288D9C4127A4}.Release|x64.ActiveCfg = Release|Any CPU
		{4EAE61A2-F370-4130-AE6B-288D9C4127A4}.Release|x64.Build.0 = Release|Any CPU
		{4EAE61A2-F370-4130-AE6B-288D9C4127A4}.Release|x86.ActiveCfg = Release|Any CPU
		{4EAE61A2-F370-4130-AE6B-288D9C4127A4}.Release|x86.Build.0 = Release|Any CPU
		{8BC8A613-4F19-454B-8178-8E4373439993}.Debug|Any CPU.ActiveCfg = Debug|Any CPU
		{8BC8A613-4F19-454B-8178-8E4373439993}.Debug|Any CPU.Build.0 = Debug|Any CPU
		{8BC8A613-4F19-454B-8178-8E4373439993}.Debug|x64.ActiveCfg = Debug|Any CPU
		{8BC8A613-4F19-454B-8178-8E4373439993}.Debug|x64.Build.0 = Debug|Any CPU
		{8BC8A613-4F19-454B-8178-8E4373439993}.Debug|x86.ActiveCfg = Debug|Any CPU
		{8BC8A613-4F19-454B-8178-8E4373439993}.Debug|x86.Build.0 = Debug|Any CPU
		{8BC8A613-4F19-454B-8178-8E4373439993}.Release|Any CPU.ActiveCfg = Release|Any CPU
		{8BC8A613-4F19-454B-8178-8E4373439993}.Release|Any CPU.Build.0 = Release|Any CPU
		{8BC8A613-4F19-454B-8178-8E4373439993}.Release|x64.ActiveCfg = Release|Any CPU
		{8BC8A613-4F19-454B-8178-8E4373439993}.Release|x64.Build.0 = Release|Any CPU
		{8BC8A613-4F19-454B-8178-8E4373439993}.Release|x86.ActiveCfg = Release|Any CPU
		{8BC8A613-4F19-454B-8178-8E4373439993}.Release|x86.Build.0 = Release|Any CPU
	EndGlobalSection
	GlobalSection(SolutionProperties) = preSolution
		HideSolutionNode = FALSE
	EndGlobalSection
	GlobalSection(NestedProjects) = preSolution
		{2C6986E6-156D-4706-B714-A6D51EF45016} = {699A7FC1-5C72-8EFA-8126-A71B28896BE1}
		{59266741-CF78-4580-9732-3BC59A4A9D76} = {827E0CD3-B72D-47B6-A68D-7590B98EB39B}
		{24F02400-84F7-47EE-BABB-1CA4AD48C461} = {827E0CD3-B72D-47B6-A68D-7590B98EB39B}
		{B0BE27FB-5ADD-4F6A-B878-0C09ED8A9DB4} = {827E0CD3-B72D-47B6-A68D-7590B98EB39B}
		{EA649EFF-C4C3-4E3D-9A39-41E0AD5E96AD} = {827E0CD3-B72D-47B6-A68D-7590B98EB39B}
		{D3E6812F-92BF-4452-A5D3-4E79CB958683} = {827E0CD3-B72D-47B6-A68D-7590B98EB39B}
		{AAB101CE-4E05-41D7-A97F-DF074ED24BFC} = {827E0CD3-B72D-47B6-A68D-7590B98EB39B}
		{C59B6014-AA79-43DC-BCC4-C529A6C417BB} = {827E0CD3-B72D-47B6-A68D-7590B98EB39B}
		{AF102E98-8800-46DD-9360-E634270AAEE6} = {0AB3BF05-4346-4AA6-1389-037BE0695223}
		{70E7C609-F7A4-4194-B378-32753D04435F} = {0AB3BF05-4346-4AA6-1389-037BE0695223}
		{5D91CE95-7224-40B2-B784-DB1F68401276} = {0AB3BF05-4346-4AA6-1389-037BE0695223}
		{694DC382-EE6B-4135-A060-2EDE39E42D32} = {0AB3BF05-4346-4AA6-1389-037BE0695223}
		{617F0C77-5C22-44D7-A5C5-F6BFA85477E3} = {0AB3BF05-4346-4AA6-1389-037BE0695223}
		{4EAE61A2-F370-4130-AE6B-288D9C4127A4} = {0AB3BF05-4346-4AA6-1389-037BE0695223}
		{8BC8A613-4F19-454B-8178-8E4373439993} = {0AB3BF05-4346-4AA6-1389-037BE0695223}
	EndGlobalSection
EndGlobal
